
Microsoft Visual Studio Solution File, Format Version 12.00
# Visual Studio Version 16
VisualStudioVersion = 16.0.31205.134
MinimumVisualStudioVersion = 10.0.40219.1
Project("{FAE04EC0-301F-11D3-BF4B-00C04F79EFBC}") = "MySecondAPI", "MySecondAPI.csproj", "{8466A38A-C3E5-40C1-84B0-14C8BF37260E}"
EndProject
Global
	GlobalSection(SolutionConfigurationPlatforms) = preSolution
		Debug|Any CPU = Debug|Any CPU
		Release|Any CPU = Release|Any CPU
	EndGlobalSection
	GlobalSection(ProjectConfigurationPlatforms) = postSolution
		{8466A38A-C3E5-40C1-84B0-14C8BF37260E}.Debug|Any CPU.ActiveCfg = Debug|Any CPU
		{8466A38A-C3E5-40C1-84B0-14C8BF37260E}.Debug|Any CPU.Build.0 = Debug|Any CPU
		{8466A38A-C3E5-40C1-84B0-14C8BF37260E}.Release|Any CPU.ActiveCfg = Release|Any CPU
		{8466A38A-C3E5-40C1-84B0-14C8BF37260E}.Release|Any CPU.Build.0 = Release|Any CPU
	EndGlobalSection
	GlobalSection(SolutionProperties) = preSolution
		HideSolutionNode = FALSE
	EndGlobalSection
	GlobalSection(ExtensibilityGlobals) = postSolution
		SolutionGuid = {5A466898-66B8-41B6-930C-B09FB1100DF4}
	EndGlobalSection
EndGlobal
